PODS:
  - Flutter (1.0.0)
  - glib (0.0.1):
    - Flutter

DEPENDENCIES:
  - Flutter (from `Flutter`)
  - glib (from `.symlinks/plugins/glib/ios`)

EXTERNAL SOURCES:
  Flutter:
    :path: Flutter
  glib:
    :path: ".symlinks/plugins/glib/ios"

SPEC CHECKSUMS:
  Flutter: 0e3d915762c693b495b44d77113d4970485de6ec
  glib: 8bdaeacafe65ff19b14d962bbda7736ae0d4599c

PODFILE CHECKSUM: 3dbe063e9c90a5d7c9e4e76e70a821b9e2c1d271

COCOAPODS: 1.9.1
